
Microsoft Visual Studio Solution File, Format Version 12.00
# Visual Studio Version 17
VisualStudioVersion = 17.14.36811.4
MinimumVisualStudioVersion = 10.0.40219.1
Project("{FAE04EC0-301F-11D3-BF4B-00C04F79EFBC}") = "AnimeMangaTrackerMAUI", "AnimeMangaTrackerMAUI.csproj", "{A3EB7462-AB94-5FE2-FCDB-8F73C56FFE2D}"
EndProject
Global
	GlobalSection(SolutionConfigurationPlatforms) = preSolution
		Debug|Any CPU = Debug|Any CPU
		Debug|x64 = Debug|x64
		Debug|x86 = Debug|x86
		Release|Any CPU = Release|Any CPU
		Release|x64 = Release|x64
		Release|x86 = Release|x86
	EndGlobalSection
	GlobalSection(ProjectConfigurationPlatforms) = postSolution
		{A3EB7462-AB94-5FE2-FCDB-8F73C56FFE2D}.Debug|Any CPU.ActiveCfg = Debug|Any CPU
		{A3EB7462-AB94-5FE2-FCDB-8F73C56FFE2D}.Debug|Any CPU.Build.0 = Debug|Any CPU
		{A3EB7462-AB94-5FE2-FCDB-8F73C56FFE2D}.Debug|Any CPU.Deploy.0 = Debug|Any CPU
		{A3EB7462-AB94-5FE2-FCDB-8F73C56FFE2D}.Debug|x64.ActiveCfg = Debug|Any CPU
		{A3EB7462-AB94-5FE2-FCDB-8F73C56FFE2D}.Debug|x64.Build.0 = Debug|Any CPU
		{A3EB7462-AB94-5FE2-FCDB-8F73C56FFE2D}.Debug|x64.Deploy.0 = Debug|Any CPU
		{A3EB7462-AB94-5FE2-FCDB-8F73C56FFE2D}.Debug|x86.ActiveCfg = Debug|Any CPU
		{A3EB7462-AB94-5FE2-FCDB-8F73C56FFE2D}.Debug|x86.Build.0 = Debug|Any CPU
		{A3EB7462-AB94-5FE2-FCDB-8F73C56FFE2D}.Debug|x86.Deploy.0 = Debug|Any CPU
		{A3EB7462-AB94-5FE2-FCDB-8F73C56FFE2D}.Release|Any CPU.ActiveCfg = Release|Any CPU
		{A3EB7462-AB94-5FE2-FCDB-8F73C56FFE2D}.Release|Any CPU.Build.0 = Release|Any CPU
		{A3EB7462-AB94-5FE2-FCDB-8F73C56FFE2D}.Release|Any CPU.Deploy.0 = Release|Any CPU
		{A3EB7462-AB94-5FE2-FCDB-8F73C56FFE2D}.Release|x64.ActiveCfg = Release|Any CPU
		{A3EB7462-AB94-5FE2-FCDB-8F73C56FFE2D}.Release|x64.Build.0 = Release|Any CPU
		{A3EB7462-AB94-5FE2-FCDB-8F73C56FFE2D}.Release|x64.Deploy.0 = Release|Any CPU
		{A3EB7462-AB94-5FE2-FCDB-8F73C56FFE2D}.Release|x86.ActiveCfg = Release|Any CPU
		{A3EB7462-AB94-5FE2-FCDB-8F73C56FFE2D}.Release|x86.Build.0 = Release|Any CPU
		{A3EB7462-AB94-5FE2-FCDB-8F73C56FFE2D}.Release|x86.Deploy.0 = Release|Any CPU
	EndGlobalSection
	GlobalSection(SolutionProperties) = preSolution
		HideSolutionNode = FALSE
	EndGlobalSection
	GlobalSection(ExtensibilityGlobals) = postSolution
		SolutionGuid = {08AA3941-68D0-4EA2-BF46-F5EA72B0613A}
	EndGlobalSection
EndGlobal
